// !$*UTF8*$!
{
	archiveVersion = 1;
	classes = {
	};
	objectVersion = 55;
	objects = {

/* Begin PBXBuildFile section */
		366888382DDDD813002237F0 /* KeyCenter.swift in Sources */ = {isa = PBXBuildFile; fileRef = 366888372DDDD810002237F0 /* KeyCenter.swift */; };
		863794E02952B21000299A82 /* AppDelegate.swift in Sources */ = {isa = PBXBuildFile; fileRef = 863794DF2952B21000299A82 /* AppDelegate.swift */; };
		863794E22952B21000299A82 /* SceneDelegate.swift in Sources */ = {isa = PBXBuildFile; fileRef = 863794E12952B21000299A82 /* SceneDelegate.swift */; };
		863794E42952B21000299A82 /* ViewController.swift in Sources */ = {isa = PBXBuildFile; fileRef = 863794E32952B21000299A82 /* ViewController.swift */; };
		863794E72952B21000299A82 /* Main.storyboard in Resources */ = {isa = PBXBuildFile; fileRef = 863794E52952B21000299A82 /* Main.storyboard */; };
		863794E92952B21200299A82 /* Assets.xcassets in Resources */ = {isa = PBXBuildFile; fileRef = 863794E82952B21200299A82 /* Assets.xcassets */; };
		863794EC2952B21200299A82 /* LaunchScreen.storyboard in Resources */ = {isa = PBXBuildFile; fileRef = 863794EA2952B21200299A82 /* LaunchScreen.storyboard */; };
		863795112952B87700299A82 /* zego_notification_incoming.caf in Resources */ = {isa = PBXBuildFile; fileRef = 863795102952B87700299A82 /* zego_notification_incoming.caf */; };
		F4F5CE7E21A310CE59C7126A /* Pods_ZegoUIKitOffLineCallWithInvitationDemo.framework in Frameworks */ = {isa = PBXBuildFile; fileRef = 3CCDE8282EE507750835B7C4 /* Pods_ZegoUIKitOffLineCallWithInvitationDemo.framework */; };
/* End PBXBuildFile section */

/* Begin PBXContainerItemProxy section */
		863794F32952B21200299A82 /* PBXContainerItemProxy */ = {
			isa = PBXContainerItemProxy;
			containerPortal = 863794D42952B21000299A82 /* Project object */;
			proxyType = 1;
			remoteGlobalIDString = 863794DB2952B21000299A82;
			remoteInfo = ZegoUIKitOffLineCallWithInvitationDemo;
		};
		863794FD2952B21200299A82 /* PBXContainerItemProxy */ = {
			isa = PBXContainerItemProxy;
			containerPortal = 863794D42952B21000299A82 /* Project object */;
			proxyType = 1;
			remoteGlobalIDString = 863794DB2952B21000299A82;
			remoteInfo = ZegoUIKitOffLineCallWithInvitationDemo;
		};
/* End PBXContainerItemProxy section */

/* Begin PBXFileReference section */
		2378FAEC2B9A0CFCEADD4AE7 /* Pods-ZegoUIKitOffLineCallWithInvitationDemo.debug.xcconfig */ = {isa = PBXFileReference; includeInIndex = 1; lastKnownFileType = text.xcconfig; name = "Pods-ZegoUIKitOffLineCallWithInvitationDemo.debug.xcconfig"; path = "Target Support Files/Pods-ZegoUIKitOffLineCallWithInvitationDemo/Pods-ZegoUIKitOffLineCallWithInvitationDemo.debug.xcconfig"; sourceTree = "<group>"; };
		2EB21CDFD8B134AB62C936E5 /* Pods-ZegoUIKitOffLineCallWithInvitationDemo.release.xcconfig */ = {isa = PBXFileReference; includeInIndex = 1; lastKnownFileType = text.xcconfig; name = "Pods-ZegoUIKitOffLineCallWithInvitationDemo.release.xcconfig"; path = "Target Support Files/Pods-ZegoUIKitOffLineCallWithInvitationDemo/Pods-ZegoUIKitOffLineCallWithInvitationDemo.release.xcconfig"; sourceTree = "<group>"; };
		366888372DDDD810002237F0 /* KeyCenter.swift */ = {isa = PBXFileReference; lastKnownFileType = sourcecode.swift; path = KeyCenter.swift; sourceTree = "<group>"; };
		3CCDE8282EE507750835B7C4 /* Pods_ZegoUIKitOffLineCallWithInvitationDemo.framework */ = {isa = PBXFileReference; explicitFileType = wrapper.framework; includeInIndex = 0; path = Pods_ZegoUIKitOffLineCallWithInvitationDemo.framework; sourceTree = BUILT_PRODUCTS_DIR; };
		863794DC2952B21000299A82 /* ZegoUIKitOffLineCallWithInvitationDemo.app */ = {isa = PBXFileReference; explicitFileType = wrapper.application; includeInIndex = 0; path = ZegoUIKitOffLineCallWithInvitationDemo.app; sourceTree = BUILT_PRODUCTS_DIR; };
		863794DF2952B21000299A82 /* AppDelegate.swift */ = {isa = PBXFileReference; lastKnownFileType = sourcecode.swift; path = AppDelegate.swift; sourceTree = "<group>"; };
		863794E12952B21000299A82 /* SceneDelegate.swift */ = {isa = PBXFileReference; lastKnownFileType = sourcecode.swift; path = SceneDelegate.swift; sourceTree = "<group>"; };
		863794E32952B21000299A82 /* ViewController.swift */ = {isa = PBXFileReference; lastKnownFileType = sourcecode.swift; path = ViewController.swift; sourceTree = "<group>"; };
		863794E62952B21000299A82 /* Base */ = {isa = PBXFileReference; lastKnownFileType = file.storyboard; name = Base; path = Base.lproj/Main.storyboard; sourceTree = "<group>"; };
		863794E82952B21200299A82 /* Assets.xcassets */ = {isa = PBXFileReference; lastKnownFileType = folder.assetcatalog; path = Assets.xcassets; sourceTree = "<group>"; };
		863794EB2952B21200299A82 /* Base */ = {isa = PBXFileReference; lastKnownFileType = file.storyboard; name = Base; path = Base.lproj/LaunchScreen.storyboard; sourceTree = "<group>"; };
		863794ED2952B21200299A82 /* Info.plist */ = {isa = PBXFileReference; lastKnownFileType = text.plist.xml; path = Info.plist; sourceTree = "<group>"; };
		863794F22952B21200299A82 /* ZegoUIKitOffLineCallWithInvitationDemoTests.xctest */ = {isa = PBXFileReference; explicitFileType = wrapper.cfbundle; includeInIndex = 0; path = ZegoUIKitOffLineCallWithInvitationDemoTests.xctest; sourceTree = BUILT_PRODUCTS_DIR; };
		863794FC2952B21200299A82 /* ZegoUIKitOffLineCallWithInvitationDemoUITests.xctest */ = {isa = PBXFileReference; explicitFileType = wrapper.cfbundle; includeInIndex = 0; path = ZegoUIKitOffLineCallWithInvitationDemoUITests.xctest; sourceTree = BUILT_PRODUCTS_DIR; };
		8637950F2952B7AB00299A82 /* ZegoUIKitOffLineCallWithInvitationDemo.entitlements */ = {isa = PBXFileReference; lastKnownFileType = text.plist.entitlements; path = ZegoUIKitOffLineCallWithInvitationDemo.entitlements; sourceTree = "<group>"; };
		863795102952B87700299A82 /* zego_notification_incoming.caf */ = {isa = PBXFileReference; lastKnownFileType = file; path = zego_notification_incoming.caf; sourceTree = "<group>"; };
/* End PBXFileReference section */

/* Begin PBXFrameworksBuildPhase section */
		863794D92952B21000299A82 /* Frameworks */ = {
			isa = PBXFrameworksBuildPhase;
			buildActionMask = 2147483647;
			files = (
				F4F5CE7E21A310CE59C7126A /* Pods_ZegoUIKitOffLineCallWithInvitationDemo.framework in Frameworks */,
			);
			runOnlyForDeploymentPostprocessing = 0;
		};
		863794EF2952B21200299A82 /* Frameworks */ = {
			isa = PBXFrameworksBuildPhase;
			buildActionMask = 2147483647;
			files = (
			);
			runOnlyForDeploymentPostprocessing = 0;
		};
		863794F92952B21200299A82 /* Frameworks */ = {
			isa = PBXFrameworksBuildPhase;
			buildActionMask = 2147483647;
			files = (
			);
			runOnlyForDeploymentPostprocessing = 0;
		};
/* End PBXFrameworksBuildPhase section */

/* Begin PBXGroup section */
		5A29A8F11BEFBD9CC90EBC29 /* Pods */ = {
			isa = PBXGroup;
			children = (
				2378FAEC2B9A0CFCEADD4AE7 /* Pods-ZegoUIKitOffLineCallWithInvitationDemo.debug.xcconfig */,
				2EB21CDFD8B134AB62C936E5 /* Pods-ZegoUIKitOffLineCallWithInvitationDemo.release.xcconfig */,
			);
			path = Pods;
			sourceTree = "<group>";
		};
		863794D32952B21000299A82 = {
			isa = PBXGroup;
			children = (
				863794DE2952B21000299A82 /* ZegoUIKitOffLineCallWithInvitationDemo */,
				863794DD2952B21000299A82 /* Products */,
				5A29A8F11BEFBD9CC90EBC29 /* Pods */,
				9C4EDFD316A0177A986801B8 /* Frameworks */,
			);
			sourceTree = "<group>";
		};
		863794DD2952B21000299A82 /* Products */ = {
			isa = PBXGroup;
			children = (
				863794DC2952B21000299A82 /* ZegoUIKitOffLineCallWithInvitationDemo.app */,
				863794F22952B21200299A82 /* ZegoUIKitOffLineCallWithInvitationDemoTests.xctest */,
				863794FC2952B21200299A82 /* ZegoUIKitOffLineCallWithInvitationDemoUITests.xctest */,
			);
			name = Products;
			sourceTree = "<group>";
		};
		863794DE2952B21000299A82 /* ZegoUIKitOffLineCallWithInvitationDemo */ = {
			isa = PBXGroup;
			children = (
				863795102952B87700299A82 /* zego_notification_incoming.caf */,
				8637950F2952B7AB00299A82 /* ZegoUIKitOffLineCallWithInvitationDemo.entitlements */,
				366888372DDDD810002237F0 /* KeyCenter.swift */,
				863794DF2952B21000299A82 /* AppDelegate.swift */,
				863794E12952B21000299A82 /* SceneDelegate.swift */,
				863794E32952B21000299A82 /* ViewController.swift */,
				863794E52952B21000299A82 /* Main.storyboard */,
				863794E82952B21200299A82 /* Assets.xcassets */,
				863794EA2952B21200299A82 /* LaunchScreen.storyboard */,
				863794ED2952B21200299A82 /* Info.plist */,
			);
			path = ZegoUIKitOffLineCallWithInvitationDemo;
			sourceTree = "<group>";
		};
		9C4EDFD316A0177A986801B8 /* Frameworks */ = {
			isa = PBXGroup;
			children = (
				3CCDE8282EE507750835B7C4 /* Pods_ZegoUIKitOffLineCallWithInvitationDemo.framework */,
			);
			name = Frameworks;
			sourceTree = "<group>";
		};
/* End PBXGroup section */

/* Begin PBXNativeTarget section */
		863794DB2952B21000299A82 /* ZegoUIKitOffLineCallWithInvitationDemo */ = {
			isa = PBXNativeTarget;
			buildConfigurationList = 863795062952B21200299A82 /* Build configuration list for PBXNativeTarget "ZegoUIKitOffLineCallWithInvitationDemo" */;
			buildPhases = (
				64A5A34EC88EE6741C998F23 /* [CP] Check Pods Manifest.lock */,
				863794D82952B21000299A82 /* Sources */,
				863794D92952B21000299A82 /* Frameworks */,
				863794DA2952B21000299A82 /* Resources */,
				444BCBCCC1CD0480E3F2E8B2 /* [CP] Embed Pods Frameworks */,
			);
			buildRules = (
			);
			dependencies = (
			);
			name = ZegoUIKitOffLineCallWithInvitationDemo;
			productName = ZegoUIKitOffLineCallWithInvitationDemo;
			productReference = 863794DC2952B21000299A82 /* ZegoUIKitOffLineCallWithInvitationDemo.app */;
			productType = "com.apple.product-type.application";
		};
		863794F12952B21200299A82 /* ZegoUIKitOffLineCallWithInvitationDemoTests */ = {
			isa = PBXNativeTarget;
			buildConfigurationList = 863795092952B21200299A82 /* Build configuration list for PBXNativeTarget "ZegoUIKitOffLineCallWithInvitationDemoTests" */;
			buildPhases = (
				863794EE2952B21200299A82 /* Sources */,
				863794EF2952B21200299A82 /* Frameworks */,
				863794F02952B21200299A82 /* Resources */,
			);
			buildRules = (
			);
			dependencies = (
				863794F42952B21200299A82 /* PBXTargetDependency */,
			);
			name = ZegoUIKitOffLineCallWithInvitationDemoTests;
			productName = ZegoUIKitOffLineCallWithInvitationDemoTests;
			productReference = 863794F22952B21200299A82 /* ZegoUIKitOffLineCallWithInvitationDemoTests.xctest */;
			productType = "com.apple.product-type.bundle.unit-test";
		};
		863794FB2952B21200299A82 /* ZegoUIKitOffLineCallWithInvitationDemoUITests */ = {
			isa = PBXNativeTarget;
			buildConfigurationList = 8637950C2952B21200299A82 /* Build configuration list for PBXNativeTarget "ZegoUIKitOffLineCallWithInvitationDemoUITests" */;
			buildPhases = (
				863794F82952B21200299A82 /* Sources */,
				863794F92952B21200299A82 /* Frameworks */,
				863794FA2952B21200299A82 /* Resources */,
			);
			buildRules = (
			);
			dependencies = (
				863794FE2952B21200299A82 /* PBXTargetDependency */,
			);
			name = ZegoUIKitOffLineCallWithInvitationDemoUITests;
			productName = ZegoUIKitOffLineCallWithInvitationDemoUITests;
			productReference = 863794FC2952B21200299A82 /* ZegoUIKitOffLineCallWithInvitationDemoUITests.xctest */;
			productType = "com.apple.product-type.bundle.ui-testing";
		};
/* End PBXNativeTarget section */

/* Begin PBXProject section */
		863794D42952B21000299A82 /* Project object */ = {
			isa = PBXProject;
			attributes = {
				BuildIndependentTargetsInParallel = 1;
				LastSwiftUpdateCheck = 1400;
				LastUpgradeCheck = 1400;
				TargetAttributes = {
					863794DB2952B21000299A82 = {
						CreatedOnToolsVersion = 14.0.1;
					};
					863794F12952B21200299A82 = {
						CreatedOnToolsVersion = 14.0.1;
						TestTargetID = 863794DB2952B21000299A82;
					};
					863794FB2952B21200299A82 = {
						CreatedOnToolsVersion = 14.0.1;
						TestTargetID = 863794DB2952B21000299A82;
					};
				};
			};
			buildConfigurationList = 863794D72952B21000299A82 /* Build configuration list for PBXProject "ZegoUIKitOffLineCallWithInvitationDemo" */;
			compatibilityVersion = "Xcode 13.0";
			developmentRegion = en;
			hasScannedForEncodings = 0;
			knownRegions = (
				en,
				Base,
			);
			mainGroup = 863794D32952B21000299A82;
			productRefGroup = 863794DD2952B21000299A82 /* Products */;
			projectDirPath = "";
			projectRoot = "";
			targets = (
				863794DB2952B21000299A82 /* ZegoUIKitOffLineCallWithInvitationDemo */,
				863794F12952B21200299A82 /* ZegoUIKitOffLineCallWithInvitationDemoTests */,
				863794FB2952B21200299A82 /* ZegoUIKitOffLineCallWithInvitationDemoUITests */,
			);
		};
/* End PBXProject section */

/* Begin PBXResourcesBuildPhase section */
		863794DA2952B21000299A82 /* Resources */ = {
			isa = PBXResourcesBuildPhase;
			buildActionMask = 2147483647;
			files = (
				863795112952B87700299A82 /* zego_notification_incoming.caf in Resources */,
				863794EC2952B21200299A82 /* LaunchScreen.storyboard in Resources */,
				863794E92952B21200299A82 /* Assets.xcassets in Resources */,
				863794E72952B21000299A82 /* Main.storyboard in Resources */,
			);
			runOnlyForDeploymentPostprocessing = 0;
		};
		863794F02952B21200299A82 /* Resources */ = {
			isa = PBXResourcesBuildPhase;
			buildActionMask = 2147483647;
			files = (
			);
			runOnlyForDeploymentPostprocessing = 0;
		};
		863794FA2952B21200299A82 /* Resources */ = {
			isa = PBXResourcesBuildPhase;
			buildActionMask = 2147483647;
			files = (
			);
			runOnlyForDeploymentPostprocessing = 0;
		};
/* End PBXResourcesBuildPhase section */

/* Begin PBXShellScriptBuildPhase section */
		444BCBCCC1CD0480E3F2E8B2 /* [CP] Embed Pods Frameworks */ = {
			isa = PBXShellScriptBuildPhase;
			buildActionMask = 2147483647;
			files = (
			);
			inputFileListPaths = (
				"${PODS_ROOT}/Target Support Files/Pods-ZegoUIKitOffLineCallWithInvitationDemo/Pods-ZegoUIKitOffLineCallWithInvitationDemo-frameworks-${CONFIGURATION}-input-files.xcfilelist",
			);
			inputPaths = (
			);
			name = "[CP] Embed Pods Frameworks";
			outputFileListPaths = (
				"${PODS_ROOT}/Target Support Files/Pods-ZegoUIKitOffLineCallWithInvitationDemo/Pods-ZegoUIKitOffLineCallWithInvitationDemo-frameworks-${CONFIGURATION}-output-files.xcfilelist",
			);
			outputPaths = (
			);
			runOnlyForDeploymentPostprocessing = 0;
			shellPath = /bin/sh;
			shellScript = "\"${PODS_ROOT}/Target Support Files/Pods-ZegoUIKitOffLineCallWithInvitationDemo/Pods-ZegoUIKitOffLineCallWithInvitationDemo-frameworks.sh\"\n";
			showEnvVarsInLog = 0;
		};
		64A5A34EC88EE6741C998F23 /* [CP] Check Pods Manifest.lock */ = {
			isa = PBXShellScriptBuildPhase;
			buildActionMask = 2147483647;
			files = (
			);
			inputFileListPaths = (
			);
			inputPaths = (
				"${PODS_PODFILE_DIR_PATH}/Podfile.lock",
				"${PODS_ROOT}/Manifest.lock",
			);
			name = "[CP] Check Pods Manifest.lock";
			outputFileListPaths = (
			);
			outputPaths = (
				"$(DERIVED_FILE_DIR)/Pods-ZegoUIKitOffLineCallWithInvitationDemo-checkManifestLockResult.txt",
			);
			runOnlyForDeploymentPostprocessing = 0;
			shellPath = /bin/sh;
			shellScript = "diff \"${PODS_PODFILE_DIR_PATH}/Podfile.lock\" \"${PODS_ROOT}/Manifest.lock\" > /dev/null\nif [ $? != 0 ] ; then\n    # print error to STDERR\n    echo \"error: The sandbox is not in sync with the Podfile.lock. Run 'pod install' or update your CocoaPods installation.\" >&2\n    exit 1\nfi\n# This output is used by Xcode 'outputs' to avoid re-running this script phase.\necho \"SUCCESS\" > \"${SCRIPT_OUTPUT_FILE_0}\"\n";
			showEnvVarsInLog = 0;
		};
/* End PBXShellScriptBuildPhase section */

/* Begin PBXSourcesBuildPhase section */
		863794D82952B21000299A82 /* Sources */ = {
			isa = PBXSourcesBuildPhase;
			buildActionMask = 2147483647;
			files = (
				366888382DDDD813002237F0 /* KeyCenter.swift in Sources */,
				863794E42952B21000299A82 /* ViewController.swift in Sources */,
				863794E02952B21000299A82 /* AppDelegate.swift in Sources */,
				863794E22952B21000299A82 /* SceneDelegate.swift in Sources */,
			);
			runOnlyForDeploymentPostprocessing = 0;
		};
		863794EE2952B21200299A82 /* Sources */ = {
			isa = PBXSourcesBuildPhase;
			buildActionMask = 2147483647;
			files = (
			);
			runOnlyForDeploymentPostprocessing = 0;
		};
		863794F82952B21200299A82 /* Sources */ = {
			isa = PBXSourcesBuildPhase;
			buildActionMask = 2147483647;
			files = (
			);
			runOnlyForDeploymentPostprocessing = 0;
		};
/* End PBXSourcesBuildPhase section */

/* Begin PBXTargetDependency section */
		863794F42952B21200299A82 /* PBXTargetDependency */ = {
			isa = PBXTargetDependency;
			target = 863794DB2952B21000299A82 /* ZegoUIKitOffLineCallWithInvitationDemo */;
			targetProxy = 863794F32952B21200299A82 /* PBXContainerItemProxy */;
		};
		863794FE2952B21200299A82 /* PBXTargetDependency */ = {
			isa = PBXTargetDependency;
			target = 863794DB2952B21000299A82 /* ZegoUIKitOffLineCallWithInvitationDemo */;
			targetProxy = 863794FD2952B21200299A82 /* PBXContainerItemProxy */;
		};
/* End PBXTargetDependency section */

/* Begin PBXVariantGroup section */
		863794E52952B21000299A82 /* Main.storyboard */ = {
			isa = PBXVariantGroup;
			children = (
				863794E62952B21000299A82 /* Base */,
			);
			name = Main.storyboard;
			sourceTree = "<group>";
		};
		863794EA2952B21200299A82 /* LaunchScreen.storyboard */ = {
			isa = PBXVariantGroup;
			children = (
				863794EB2952B21200299A82 /* Base */,
			);
			name = LaunchScreen.storyboard;
			sourceTree = "<group>";
		};
/* End PBXVariantGroup section */

/* Begin XCBuildConfiguration section */
		863795042952B21200299A82 /* Debug */ = {
			isa = XCBuildConfiguration;
			buildSettings = {
				ALWAYS_SEARCH_USER_PATHS = NO;
				CLANG_ANALYZER_NONNULL = YES;
				CLANG_ANALYZER_NUMBER_OBJECT_CONVERSION = YES_AGGRESSIVE;
				CLANG_CXX_LANGUAGE_STANDARD = "gnu++20";
				CLANG_ENABLE_MODULES = YES;
				CLANG_ENABLE_OBJC_ARC = YES;
				CLANG_ENABLE_OBJC_WEAK = YES;
				CLANG_WARN_BLOCK_CAPTURE_AUTORELEASING = YES;
				CLANG_WARN_BOOL_CONVERSION = YES;
				CLANG_WARN_COMMA = YES;
				CLANG_WARN_CONSTANT_CONVERSION = YES;
				CLANG_WARN_DEPRECATED_OBJC_IMPLEMENTATIONS = YES;
				CLANG_WARN_DIRECT_OBJC_ISA_USAGE = YES_ERROR;
				CLANG_WARN_DOCUMENTATION_COMMENTS = YES;
				CLANG_WARN_EMPTY_BODY = YES;
				CLANG_WARN_ENUM_CONVERSION = YES;
				CLANG_WARN_INFINITE_RECURSION = YES;
				CLANG_WARN_INT_CONVERSION = YES;
				CLANG_WARN_NON_LITERAL_NULL_CONVERSION = YES;
				CLANG_WARN_OBJC_IMPLICIT_RETAIN_SELF = YES;
				CLANG_WARN_OBJC_LITERAL_CONVERSION = YES;
				CLANG_WARN_OBJC_ROOT_CLASS = YES_ERROR;
				CLANG_WARN_QUOTED_INCLUDE_IN_FRAMEWORK_HEADER = YES;
				CLANG_WARN_RANGE_LOOP_ANALYSIS = YES;
				CLANG_WARN_STRICT_PROTOTYPES = YES;
				CLANG_WARN_SUSPICIOUS_MOVE = YES;
				CLANG_WARN_UNGUARDED_AVAILABILITY = YES_AGGRESSIVE;
				CLANG_WARN_UNREACHABLE_CODE = YES;
				CLANG_WARN__DUPLICATE_METHOD_MATCH = YES;
				COPY_PHASE_STRIP = NO;
				DEBUG_INFORMATION_FORMAT = dwarf;
				ENABLE_STRICT_OBJC_MSGSEND = YES;
				ENABLE_TESTABILITY = YES;
				GCC_C_LANGUAGE_STANDARD = gnu11;
				GCC_DYNAMIC_NO_PIC = NO;
				GCC_NO_COMMON_BLOCKS = YES;
				GCC_OPTIMIZATION_LEVEL = 0;
				GCC_PREPROCESSOR_DEFINITIONS = (
					"DEBUG=1",
					"$(inherited)",
				);
				GCC_WARN_64_TO_32_BIT_CONVERSION = YES;
				GCC_WARN_ABOUT_RETURN_TYPE = YES_ERROR;
				GCC_WARN_UNDECLARED_SELECTOR = YES;
				GCC_WARN_UNINITIALIZED_AUTOS = YES_AGGRESSIVE;
				GCC_WARN_UNUSED_FUNCTION = YES;
				GCC_WARN_UNUSED_VARIABLE = YES;
				IPHONEOS_DEPLOYMENT_TARGET = 13.0;
				MTL_ENABLE_DEBUG_INFO = INCLUDE_SOURCE;
				MTL_FAST_MATH = YES;
				ONLY_ACTIVE_ARCH = YES;
				SDKROOT = iphoneos;
				SWIFT_ACTIVE_COMPILATION_CONDITIONS = DEBUG;
				SWIFT_OPTIMIZATION_LEVEL = "-Onone";
			};
			name = Debug;
		};
		863795052952B21200299A82 /* Release */ = {
			isa = XCBuildConfiguration;
			buildSettings = {
				ALWAYS_SEARCH_USER_PATHS = NO;
				CLANG_ANALYZER_NONNULL = YES;
				CLANG_ANALYZER_NUMBER_OBJECT_CONVERSION = YES_AGGRESSIVE;
				CLANG_CXX_LANGUAGE_STANDARD = "gnu++20";
				CLANG_ENABLE_MODULES = YES;
				CLANG_ENABLE_OBJC_ARC = YES;
				CLANG_ENABLE_OBJC_WEAK = YES;
				CLANG_WARN_BLOCK_CAPTURE_AUTORELEASING = YES;
				CLANG_WARN_BOOL_CONVERSION = YES;
				CLANG_WARN_COMMA = YES;
				CLANG_WARN_CONSTANT_CONVERSION = YES;
				CLANG_WARN_DEPRECATED_OBJC_IMPLEMENTATIONS = YES;
				CLANG_WARN_DIRECT_OBJC_ISA_USAGE = YES_ERROR;
				CLANG_WARN_DOCUMENTATION_COMMENTS = YES;
				CLANG_WARN_EMPTY_BODY = YES;
				CLANG_WARN_ENUM_CONVERSION = YES;
				CLANG_WARN_INFINITE_RECURSION = YES;
				CLANG_WARN_INT_CONVERSION = YES;
				CLANG_WARN_NON_LITERAL_NULL_CONVERSION = YES;
				CLANG_WARN_OBJC_IMPLICIT_RETAIN_SELF = YES;
				CLANG_WARN_OBJC_LITERAL_CONVERSION = YES;
				CLANG_WARN_OBJC_ROOT_CLASS = YES_ERROR;
				CLANG_WARN_QUOTED_INCLUDE_IN_FRAMEWORK_HEADER = YES;
				CLANG_WARN_RANGE_LOOP_ANALYSIS = YES;
				CLANG_WARN_STRICT_PROTOTYPES = YES;
				CLANG_WARN_SUSPICIOUS_MOVE = YES;
				CLANG_WARN_UNGUARDED_AVAILABILITY = YES_AGGRESSIVE;
				CLANG_WARN_UNREACHABLE_CODE = YES;
				CLANG_WARN__DUPLICATE_METHOD_MATCH = YES;
				COPY_PHASE_STRIP = NO;
				DEBUG_INFORMATION_FORMAT = "dwarf-with-dsym";
				ENABLE_NS_ASSERTIONS = NO;
				ENABLE_STRICT_OBJC_MSGSEND = YES;
				GCC_C_LANGUAGE_STANDARD = gnu11;
				GCC_NO_COMMON_BLOCKS = YES;
				GCC_WARN_64_TO_32_BIT_CONVERSION = YES;
				GCC_WARN_ABOUT_RETURN_TYPE = YES_ERROR;
				GCC_WARN_UNDECLARED_SELECTOR = YES;
				GCC_WARN_UNINITIALIZED_AUTOS = YES_AGGRESSIVE;
				GCC_WARN_UNUSED_FUNCTION = YES;
				GCC_WARN_UNUSED_VARIABLE = YES;
				IPHONEOS_DEPLOYMENT_TARGET = 13.0;
				MTL_ENABLE_DEBUG_INFO = NO;
				MTL_FAST_MATH = YES;
				SDKROOT = iphoneos;
				SWIFT_COMPILATION_MODE = wholemodule;
				SWIFT_OPTIMIZATION_LEVEL = "-O";
				VALIDATE_PRODUCT = YES;
			};
			name = Release;
		};
		863795072952B21200299A82 /* Debug */ = {
			isa = XCBuildConfiguration;
			baseConfigurationReference = 2378FAEC2B9A0CFCEADD4AE7 /* Pods-ZegoUIKitOffLineCallWithInvitationDemo.debug.xcconfig */;
			buildSettings = {
				ASSETCATALOG_COMPILER_APPICON_NAME = AppIcon;
				ASSETCATALOG_COMPILER_GLOBAL_ACCENT_COLOR_NAME = AccentColor;
				CODE_SIGN_ENTITLEMENTS = ZegoUIKitOffLineCallWithInvitationDemo/ZegoUIKitOffLineCallWithInvitationDemo.entitlements;
				CODE_SIGN_STYLE = Automatic;
				DEVELOPMENT_TEAM = PN83KX5U85;
				GENERATE_INFOPLIST_FILE = YES;
				INFOPLIST_FILE = ZegoUIKitOffLineCallWithInvitationDemo/Info.plist;
				INFOPLIST_KEY_NSCameraUsageDescription = "We need to use your camera to help you join the call.";
				INFOPLIST_KEY_NSMicrophoneUsageDescription = "We need to use your mic to help you join the call.";
				INFOPLIST_KEY_UIApplicationSupportsIndirectInputEvents = YES;
				INFOPLIST_KEY_UILaunchStoryboardName = LaunchScreen;
				INFOPLIST_KEY_UIMainStoryboardFile = Main;
				INFOPLIST_KEY_UISupportedInterfaceOrientations_iPad = "UIInterfaceOrientationPortrait UIInterfaceOrientationPortraitUpsideDown UIInterfaceOrientationLandscapeLeft UIInterfaceOrientationLandscapeRight";
				INFOPLIST_KEY_UISupportedInterfaceOrientations_iPhone = "UIInterfaceOrientationPortrait UIInterfaceOrientationLandscapeLeft UIInterfaceOrientationLandscapeRight";
				LD_RUNPATH_SEARCH_PATHS = (
					"$(inherited)",
					"@executable_path/Frameworks",
				);
				MARKETING_VERSION = 2.14.2;
				PRODUCT_BUNDLE_IDENTIFIER = com.zegocloud.zegouikit.example.prebuiltcall;
				PRODUCT_NAME = "$(TARGET_NAME)";
				SWIFT_EMIT_LOC_STRINGS = YES;
				SWIFT_VERSION = 5.0;
				TARGETED_DEVICE_FAMILY = "1,2";
			};
			name = Debug;
		};
		863795082952B21200299A82 /* Release */ = {
			isa = XCBuildConfiguration;
			baseConfigurationReference = 2EB21CDFD8B134AB62C936E5 /* Pods-ZegoUIKitOffLineCallWithInvitationDemo.release.xcconfig */;
			buildSettings = {
				ASSETCATALOG_COMPILER_APPICON_NAME = AppIcon;
				ASSETCATALOG_COMPILER_GLOBAL_ACCENT_COLOR_NAME = AccentColor;
				CODE_SIGN_ENTITLEMENTS = ZegoUIKitOffLineCallWithInvitationDemo/ZegoUIKitOffLineCallWithInvitationDemo.entitlements;
				CODE_SIGN_STYLE = Automatic;
				DEVELOPMENT_TEAM = PN83KX5U85;
				GENERATE_INFOPLIST_FILE = YES;
				INFOPLIST_FILE = ZegoUIKitOffLineCallWithInvitationDemo/Info.plist;
				INFOPLIST_KEY_NSCameraUsageDescription = "We need to use your camera to help you join the call.";
				INFOPLIST_KEY_NSMicrophoneUsageDescription = "We need to use your mic to help you join the call.";
				INFOPLIST_KEY_UIApplicationSupportsIndirectInputEvents = YES;
				INFOPLIST_KEY_UILaunchStoryboardName = LaunchScreen;
				INFOPLIST_KEY_UIMainStoryboardFile = Main;
				INFOPLIST_KEY_UISupportedInterfaceOrientations_iPad = "UIInterfaceOrientationPortrait UIInterfaceOrientationPortraitUpsideDown UIInterfaceOrientationLandscapeLeft UIInterfaceOrientationLandscapeRight";
				INFOPLIST_KEY_UISupportedInterfaceOrientations_iPhone = "UIInterfaceOrientationPortrait UIInterfaceOrientationLandscapeLeft UIInterfaceOrientationLandscapeRight";
				LD_RUNPATH_SEARCH_PATHS = (
					"$(inherited)",
					"@executable_path/Frameworks",
				);
				MARKETING_VERSION = 2.14.2;
				PRODUCT_BUNDLE_IDENTIFIER = com.zegocloud.zegouikit.example.prebuiltcall;
				PRODUCT_NAME = "$(TARGET_NAME)";
				SWIFT_EMIT_LOC_STRINGS = YES;
				SWIFT_VERSION = 5.0;
				TARGETED_DEVICE_FAMILY = "1,2";
			};
			name = Release;
		};
		8637950A2952B21200299A82 /* Debug */ = {
			isa = XCBuildConfiguration;
			buildSettings = {
				ALWAYS_EMBED_SWIFT_STANDARD_LIBRARIES = YES;
				BUNDLE_LOADER = "$(TEST_HOST)";
				CODE_SIGN_STYLE = Automatic;
				CURRENT_PROJECT_VERSION = 1;
				DEVELOPMENT_TEAM = B82BHJ5H89;
				GENERATE_INFOPLIST_FILE = YES;
				IPHONEOS_DEPLOYMENT_TARGET = 16.0;
				MARKETING_VERSION = 1.0;
				PRODUCT_BUNDLE_IDENTIFIER = im.zego.ZegoUIKitOffLineCallWithInvitationDemoTests;
				PRODUCT_NAME = "$(TARGET_NAME)";
				SWIFT_EMIT_LOC_STRINGS = NO;
				SWIFT_VERSION = 5.0;
				TARGETED_DEVICE_FAMILY = "1,2";
				TEST_HOST = "$(BUILT_PRODUCTS_DIR)/ZegoUIKitOffLineCallWithInvitationDemo.app/$(BUNDLE_EXECUTABLE_FOLDER_PATH)/ZegoUIKitOffLineCallWithInvitationDemo";
			};
			name = Debug;
		};
		8637950B2952B21200299A82 /* Release */ = {
			isa = XCBuildConfiguration;
			buildSettings = {
				ALWAYS_EMBED_SWIFT_STANDARD_LIBRARIES = YES;
				BUNDLE_LOADER = "$(TEST_HOST)";
				CODE_SIGN_STYLE = Automatic;
				CURRENT_PROJECT_VERSION = 1;
				DEVELOPMENT_TEAM = B82BHJ5H89;
				GENERATE_INFOPLIST_FILE = YES;
				IPHONEOS_DEPLOYMENT_TARGET = 16.0;
				MARKETING_VERSION = 1.0;
				PRODUCT_BUNDLE_IDENTIFIER = im.zego.ZegoUIKitOffLineCallWithInvitationDemoTests;
				PRODUCT_NAME = "$(TARGET_NAME)";
				SWIFT_EMIT_LOC_STRINGS = NO;
				SWIFT_VERSION = 5.0;
				TARGETED_DEVICE_FAMILY = "1,2";
				TEST_HOST = "$(BUILT_PRODUCTS_DIR)/ZegoUIKitOffLineCallWithInvitationDemo.app/$(BUNDLE_EXECUTABLE_FOLDER_PATH)/ZegoUIKitOffLineCallWithInvitationDemo";
			};
			name = Release;
		};
		8637950D2952B21200299A82 /* Debug */ = {
			isa = XCBuildConfiguration;
			buildSettings = {
				ALWAYS_EMBED_SWIFT_STANDARD_LIBRARIES = YES;
				CODE_SIGN_STYLE = Automatic;
				CURRENT_PROJECT_VERSION = 1;
				DEVELOPMENT_TEAM = B82BHJ5H89;
				GENERATE_INFOPLIST_FILE = YES;
				MARKETING_VERSION = 1.0;
				PRODUCT_BUNDLE_IDENTIFIER = im.zego.ZegoUIKitOffLineCallWithInvitationDemoUITests;
				PRODUCT_NAME = "$(TARGET_NAME)";
				SWIFT_EMIT_LOC_STRINGS = NO;
				SWIFT_VERSION = 5.0;
				TARGETED_DEVICE_FAMILY = "1,2";
				TEST_TARGET_NAME = ZegoUIKitOffLineCallWithInvitationDemo;
			};
			name = Debug;
		};
		8637950E2952B21200299A82 /* Release */ = {
			isa = XCBuildConfiguration;
			buildSettings = {
				ALWAYS_EMBED_SWIFT_STANDARD_LIBRARIES = YES;
				CODE_SIGN_STYLE = Automatic;
				CURRENT_PROJECT_VERSION = 1;
				DEVELOPMENT_TEAM = B82BHJ5H89;
				GENERATE_INFOPLIST_FILE = YES;
				MARKETING_VERSION = 1.0;
				PRODUCT_BUNDLE_IDENTIFIER = im.zego.ZegoUIKitOffLineCallWithInvitationDemoUITests;
				PRODUCT_NAME = "$(TARGET_NAME)";
				SWIFT_EMIT_LOC_STRINGS = NO;
				SWIFT_VERSION = 5.0;
				TARGETED_DEVICE_FAMILY = "1,2";
				TEST_TARGET_NAME = ZegoUIKitOffLineCallWithInvitationDemo;
			};
			name = Release;
		};
/* End XCBuildConfiguration section */

/* Begin XCConfigurationList section */
		863794D72952B21000299A82 /* Build configuration list for PBXProject "ZegoUIKitOffLineCallWithInvitationDemo" */ = {
			isa = XCConfigurationList;
			buildConfigurations = (
				863795042952B21200299A82 /* Debug */,
				863795052952B21200299A82 /* Release */,
			);
			defaultConfigurationIsVisible = 0;
			defaultConfigurationName = Release;
		};
		863795062952B21200299A82 /* Build configuration list for PBXNativeTarget "ZegoUIKitOffLineCallWithInvitationDemo" */ = {
			isa = XCConfigurationList;
			buildConfigurations = (
				863795072952B21200299A82 /* Debug */,
				863795082952B21200299A82 /* Release */,
			);
			defaultConfigurationIsVisible = 0;
			defaultConfigurationName = Release;
		};
		863795092952B21200299A82 /* Build configuration list for PBXNativeTarget "ZegoUIKitOffLineCallWithInvitationDemoTests" */ = {
			isa = XCConfigurationList;
			buildConfigurations = (
				8637950A2952B21200299A82 /* Debug */,
				8637950B2952B21200299A82 /* Release */,
			);
			defaultConfigurationIsVisible = 0;
			defaultConfigurationName = Release;
		};
		8637950C2952B21200299A82 /* Build configuration list for PBXNativeTarget "ZegoUIKitOffLineCallWithInvitationDemoUITests" */ = {
			isa = XCConfigurationList;
			buildConfigurations = (
				8637950D2952B21200299A82 /* Debug */,
				8637950E2952B21200299A82 /* Release */,
			);
			defaultConfigurationIsVisible = 0;
			defaultConfigurationName = Release;
		};
/* End XCConfigurationList section */
	};
	rootObject = 863794D42952B21000299A82 /* Project object */;
}
