// !$*UTF8*$!
{
	archiveVersion = 1;
	classes = {
	};
	objectVersion = 55;
	objects = {

/* Begin PBXBuildFile section */
		08BFB08F21F8F560F7D56589 /* Pods_ZegoUIKitCallWithInvitationDemo.framework in Frameworks */ = {isa = PBXBuildFile; fileRef = B24376A5ECF6C2670243DE16 /* Pods_ZegoUIKitCallWithInvitationDemo.framework */; };
		86BDBAF52900F3470039563D /* AppDelegate.swift in Sources */ = {isa = PBXBuildFile; fileRef = 86BDBAF42900F3470039563D /* AppDelegate.swift */; };
		86BDBAF92900F3470039563D /* ViewController.swift in Sources */ = {isa = PBXBuildFile; fileRef = 86BDBAF82900F3470039563D /* ViewController.swift */; };
		86BDBAFC2900F3470039563D /* Main.storyboard in Resources */ = {isa = PBXBuildFile; fileRef = 86BDBAFA2900F3470039563D /* Main.storyboard */; };
		86BDBAFE2900F3480039563D /* Assets.xcassets in Resources */ = {isa = PBXBuildFile; fileRef = 86BDBAFD2900F3480039563D /* Assets.xcassets */; };
		86BDBB012900F3480039563D /* LaunchScreen.storyboard in Resources */ = {isa = PBXBuildFile; fileRef = 86BDBAFF2900F3480039563D /* LaunchScreen.storyboard */; };
/* End PBXBuildFile section */

/* Begin PBXFileReference section */
		0229AF401BA70717750C99C2 /* Pods-ZegoUIKitCallWithInvitationDemo.release.xcconfig */ = {isa = PBXFileReference; includeInIndex = 1; lastKnownFileType = text.xcconfig; name = "Pods-ZegoUIKitCallWithInvitationDemo.release.xcconfig"; path = "Target Support Files/Pods-ZegoUIKitCallWithInvitationDemo/Pods-ZegoUIKitCallWithInvitationDemo.release.xcconfig"; sourceTree = "<group>"; };
		86BDBAF12900F3470039563D /* ZegoUIKitCallWithInvitationDemo.app */ = {isa = PBXFileReference; explicitFileType = wrapper.application; includeInIndex = 0; path = ZegoUIKitCallWithInvitationDemo.app; sourceTree = BUILT_PRODUCTS_DIR; };
		86BDBAF42900F3470039563D /* AppDelegate.swift */ = {isa = PBXFileReference; lastKnownFileType = sourcecode.swift; path = AppDelegate.swift; sourceTree = "<group>"; };
		86BDBAF82900F3470039563D /* ViewController.swift */ = {isa = PBXFileReference; lastKnownFileType = sourcecode.swift; path = ViewController.swift; sourceTree = "<group>"; };
		86BDBAFB2900F3470039563D /* Base */ = {isa = PBXFileReference; lastKnownFileType = file.storyboard; name = Base; path = Base.lproj/Main.storyboard; sourceTree = "<group>"; };
		86BDBAFD2900F3480039563D /* Assets.xcassets */ = {isa = PBXFileReference; lastKnownFileType = folder.assetcatalog; path = Assets.xcassets; sourceTree = "<group>"; };
		86BDBB002900F3480039563D /* Base */ = {isa = PBXFileReference; lastKnownFileType = file.storyboard; name = Base; path = Base.lproj/LaunchScreen.storyboard; sourceTree = "<group>"; };
		86BDBB022900F3480039563D /* Info.plist */ = {isa = PBXFileReference; lastKnownFileType = text.plist.xml; path = Info.plist; sourceTree = "<group>"; };
		86BDBB462900F48F0039563D /* ZegoUIKitSDK.framework */ = {isa = PBXFileReference; explicitFileType = wrapper.framework; path = ZegoUIKitSDK.framework; sourceTree = BUILT_PRODUCTS_DIR; };
		B24376A5ECF6C2670243DE16 /* Pods_ZegoUIKitCallWithInvitationDemo.framework */ = {isa = PBXFileReference; explicitFileType = wrapper.framework; includeInIndex = 0; path = Pods_ZegoUIKitCallWithInvitationDemo.framework; sourceTree = BUILT_PRODUCTS_DIR; };
		F26F652BF02DB0B516E62F6A /* Pods-ZegoUIKitCallWithInvitationDemo.debug.xcconfig */ = {isa = PBXFileReference; includeInIndex = 1; lastKnownFileType = text.xcconfig; name = "Pods-ZegoUIKitCallWithInvitationDemo.debug.xcconfig"; path = "Target Support Files/Pods-ZegoUIKitCallWithInvitationDemo/Pods-ZegoUIKitCallWithInvitationDemo.debug.xcconfig"; sourceTree = "<group>"; };
/* End PBXFileReference section */

/* Begin PBXFrameworksBuildPhase section */
		86BDBAEE2900F3470039563D /* Frameworks */ = {
			isa = PBXFrameworksBuildPhase;
			buildActionMask = 2147483647;
			files = (
				08BFB08F21F8F560F7D56589 /* Pods_ZegoUIKitCallWithInvitationDemo.framework in Frameworks */,
			);
			runOnlyForDeploymentPostprocessing = 0;
		};
/* End PBXFrameworksBuildPhase section */

/* Begin PBXGroup section */
		7B2D90AE5A4717BC9CB5B35A /* Pods */ = {
			isa = PBXGroup;
			children = (
				F26F652BF02DB0B516E62F6A /* Pods-ZegoUIKitCallWithInvitationDemo.debug.xcconfig */,
				0229AF401BA70717750C99C2 /* Pods-ZegoUIKitCallWithInvitationDemo.release.xcconfig */,
			);
			path = Pods;
			sourceTree = "<group>";
		};
		86BDBAE82900F3470039563D = {
			isa = PBXGroup;
			children = (
				86BDBAF32900F3470039563D /* ZegoUIKitCallWithInvitationDemo */,
				86BDBAF22900F3470039563D /* Products */,
				7B2D90AE5A4717BC9CB5B35A /* Pods */,
				CCB695A639E230519BBA7188 /* Frameworks */,
			);
			sourceTree = "<group>";
		};
		86BDBAF22900F3470039563D /* Products */ = {
			isa = PBXGroup;
			children = (
				86BDBAF12900F3470039563D /* ZegoUIKitCallWithInvitationDemo.app */,
			);
			name = Products;
			sourceTree = "<group>";
		};
		86BDBAF32900F3470039563D /* ZegoUIKitCallWithInvitationDemo */ = {
			isa = PBXGroup;
			children = (
				86BDBAF42900F3470039563D /* AppDelegate.swift */,
				86BDBAF82900F3470039563D /* ViewController.swift */,
				86BDBAFA2900F3470039563D /* Main.storyboard */,
				86BDBAFD2900F3480039563D /* Assets.xcassets */,
				86BDBAFF2900F3480039563D /* LaunchScreen.storyboard */,
				86BDBB022900F3480039563D /* Info.plist */,
			);
			path = ZegoUIKitCallWithInvitationDemo;
			sourceTree = "<group>";
		};
		CCB695A639E230519BBA7188 /* Frameworks */ = {
			isa = PBXGroup;
			children = (
				86BDBB462900F48F0039563D /* ZegoUIKitSDK.framework */,
				B24376A5ECF6C2670243DE16 /* Pods_ZegoUIKitCallWithInvitationDemo.framework */,
			);
			name = Frameworks;
			sourceTree = "<group>";
		};
/* End PBXGroup section */

/* Begin PBXNativeTarget section */
		86BDBAF02900F3470039563D /* ZegoUIKitCallWithInvitationDemo */ = {
			isa = PBXNativeTarget;
			buildConfigurationList = 86BDBB052900F3480039563D /* Build configuration list for PBXNativeTarget "ZegoUIKitCallWithInvitationDemo" */;
			buildPhases = (
				650083C905250B0025FB3AF8 /* [CP] Check Pods Manifest.lock */,
				86BDBAED2900F3470039563D /* Sources */,
				86BDBAEE2900F3470039563D /* Frameworks */,
				86BDBAEF2900F3470039563D /* Resources */,
				B90A0C5DBAE8E0B454D854B9 /* [CP] Embed Pods Frameworks */,
			);
			buildRules = (
			);
			dependencies = (
			);
			name = ZegoUIKitCallWithInvitationDemo;
			productName = ZegoUIKitCallWithInvitationDemo;
			productReference = 86BDBAF12900F3470039563D /* ZegoUIKitCallWithInvitationDemo.app */;
			productType = "com.apple.product-type.application";
		};
/* End PBXNativeTarget section */

/* Begin PBXProject section */
		86BDBAE92900F3470039563D /* Project object */ = {
			isa = PBXProject;
			attributes = {
				BuildIndependentTargetsInParallel = 1;
				LastSwiftUpdateCheck = 1310;
				LastUpgradeCheck = 1310;
				TargetAttributes = {
					86BDBAF02900F3470039563D = {
						CreatedOnToolsVersion = 13.1;
					};
				};
			};
			buildConfigurationList = 86BDBAEC2900F3470039563D /* Build configuration list for PBXProject "ZegoUIKitCallWithInvitationDemo" */;
			compatibilityVersion = "Xcode 13.0";
			developmentRegion = en;
			hasScannedForEncodings = 0;
			knownRegions = (
				en,
				Base,
			);
			mainGroup = 86BDBAE82900F3470039563D;
			productRefGroup = 86BDBAF22900F3470039563D /* Products */;
			projectDirPath = "";
			projectRoot = "";
			targets = (
				86BDBAF02900F3470039563D /* ZegoUIKitCallWithInvitationDemo */,
			);
		};
/* End PBXProject section */

/* Begin PBXResourcesBuildPhase section */
		86BDBAEF2900F3470039563D /* Resources */ = {
			isa = PBXResourcesBuildPhase;
			buildActionMask = 2147483647;
			files = (
				86BDBB012900F3480039563D /* LaunchScreen.storyboard in Resources */,
				86BDBAFE2900F3480039563D /* Assets.xcassets in Resources */,
				86BDBAFC2900F3470039563D /* Main.storyboard in Resources */,
			);
			runOnlyForDeploymentPostprocessing = 0;
		};
/* End PBXResourcesBuildPhase section */

/* Begin PBXShellScriptBuildPhase section */
		650083C905250B0025FB3AF8 /* [CP] Check Pods Manifest.lock */ = {
			isa = PBXShellScriptBuildPhase;
			buildActionMask = 2147483647;
			files = (
			);
			inputFileListPaths = (
			);
			inputPaths = (
				"${PODS_PODFILE_DIR_PATH}/Podfile.lock",
				"${PODS_ROOT}/Manifest.lock",
			);
			name = "[CP] Check Pods Manifest.lock";
			outputFileListPaths = (
			);
			outputPaths = (
				"$(DERIVED_FILE_DIR)/Pods-ZegoUIKitCallWithInvitationDemo-checkManifestLockResult.txt",
			);
			runOnlyForDeploymentPostprocessing = 0;
			shellPath = /bin/sh;
			shellScript = "diff \"${PODS_PODFILE_DIR_PATH}/Podfile.lock\" \"${PODS_ROOT}/Manifest.lock\" > /dev/null\nif [ $? != 0 ] ; then\n    # print error to STDERR\n    echo \"error: The sandbox is not in sync with the Podfile.lock. Run 'pod install' or update your CocoaPods installation.\" >&2\n    exit 1\nfi\n# This output is used by Xcode 'outputs' to avoid re-running this script phase.\necho \"SUCCESS\" > \"${SCRIPT_OUTPUT_FILE_0}\"\n";
			showEnvVarsInLog = 0;
		};
		B90A0C5DBAE8E0B454D854B9 /* [CP] Embed Pods Frameworks */ = {
			isa = PBXShellScriptBuildPhase;
			buildActionMask = 2147483647;
			files = (
			);
			inputFileListPaths = (
				"${PODS_ROOT}/Target Support Files/Pods-ZegoUIKitCallWithInvitationDemo/Pods-ZegoUIKitCallWithInvitationDemo-frameworks-${CONFIGURATION}-input-files.xcfilelist",
			);
			name = "[CP] Embed Pods Frameworks";
			outputFileListPaths = (
				"${PODS_ROOT}/Target Support Files/Pods-ZegoUIKitCallWithInvitationDemo/Pods-ZegoUIKitCallWithInvitationDemo-frameworks-${CONFIGURATION}-output-files.xcfilelist",
			);
			runOnlyForDeploymentPostprocessing = 0;
			shellPath = /bin/sh;
			shellScript = "\"${PODS_ROOT}/Target Support Files/Pods-ZegoUIKitCallWithInvitationDemo/Pods-ZegoUIKitCallWithInvitationDemo-frameworks.sh\"\n";
			showEnvVarsInLog = 0;
		};
/* End PBXShellScriptBuildPhase section */

/* Begin PBXSourcesBuildPhase section */
		86BDBAED2900F3470039563D /* Sources */ = {
			isa = PBXSourcesBuildPhase;
			buildActionMask = 2147483647;
			files = (
				86BDBAF92900F3470039563D /* ViewController.swift in Sources */,
				86BDBAF52900F3470039563D /* AppDelegate.swift in Sources */,
			);
			runOnlyForDeploymentPostprocessing = 0;
		};
/* End PBXSourcesBuildPhase section */

/* Begin PBXVariantGroup section */
		86BDBAFA2900F3470039563D /* Main.storyboard */ = {
			isa = PBXVariantGroup;
			children = (
				86BDBAFB2900F3470039563D /* Base */,
			);
			name = Main.storyboard;
			sourceTree = "<group>";
		};
		86BDBAFF2900F3480039563D /* LaunchScreen.storyboard */ = {
			isa = PBXVariantGroup;
			children = (
				86BDBB002900F3480039563D /* Base */,
			);
			name = LaunchScreen.storyboard;
			sourceTree = "<group>";
		};
/* End PBXVariantGroup section */

/* Begin XCBuildConfiguration section */
		86BDBB032900F3480039563D /* Debug */ = {
			isa = XCBuildConfiguration;
			buildSettings = {
				ALWAYS_SEARCH_USER_PATHS = NO;
				CLANG_ANALYZER_NONNULL = YES;
				CLANG_ANALYZER_NUMBER_OBJECT_CONVERSION = YES_AGGRESSIVE;
				CLANG_CXX_LANGUAGE_STANDARD = "gnu++17";
				CLANG_CXX_LIBRARY = "libc++";
				CLANG_ENABLE_MODULES = YES;
				CLANG_ENABLE_OBJC_ARC = YES;
				CLANG_ENABLE_OBJC_WEAK = YES;
				CLANG_WARN_BLOCK_CAPTURE_AUTORELEASING = YES;
				CLANG_WARN_BOOL_CONVERSION = YES;
				CLANG_WARN_COMMA = YES;
				CLANG_WARN_CONSTANT_CONVERSION = YES;
				CLANG_WARN_DEPRECATED_OBJC_IMPLEMENTATIONS = YES;
				CLANG_WARN_DIRECT_OBJC_ISA_USAGE = YES_ERROR;
				CLANG_WARN_DOCUMENTATION_COMMENTS = YES;
				CLANG_WARN_EMPTY_BODY = YES;
				CLANG_WARN_ENUM_CONVERSION = YES;
				CLANG_WARN_INFINITE_RECURSION = YES;
				CLANG_WARN_INT_CONVERSION = YES;
				CLANG_WARN_NON_LITERAL_NULL_CONVERSION = YES;
				CLANG_WARN_OBJC_IMPLICIT_RETAIN_SELF = YES;
				CLANG_WARN_OBJC_LITERAL_CONVERSION = YES;
				CLANG_WARN_OBJC_ROOT_CLASS = YES_ERROR;
				CLANG_WARN_QUOTED_INCLUDE_IN_FRAMEWORK_HEADER = YES;
				CLANG_WARN_RANGE_LOOP_ANALYSIS = YES;
				CLANG_WARN_STRICT_PROTOTYPES = YES;
				CLANG_WARN_SUSPICIOUS_MOVE = YES;
				CLANG_WARN_UNGUARDED_AVAILABILITY = YES_AGGRESSIVE;
				CLANG_WARN_UNREACHABLE_CODE = YES;
				CLANG_WARN__DUPLICATE_METHOD_MATCH = YES;
				COPY_PHASE_STRIP = NO;
				DEBUG_INFORMATION_FORMAT = dwarf;
				ENABLE_STRICT_OBJC_MSGSEND = YES;
				ENABLE_TESTABILITY = YES;
				GCC_C_LANGUAGE_STANDARD = gnu11;
				GCC_DYNAMIC_NO_PIC = NO;
				GCC_NO_COMMON_BLOCKS = YES;
				GCC_OPTIMIZATION_LEVEL = 0;
				GCC_PREPROCESSOR_DEFINITIONS = (
					"DEBUG=1",
					"$(inherited)",
				);
				GCC_WARN_64_TO_32_BIT_CONVERSION = YES;
				GCC_WARN_ABOUT_RETURN_TYPE = YES_ERROR;
				GCC_WARN_UNDECLARED_SELECTOR = YES;
				GCC_WARN_UNINITIALIZED_AUTOS = YES_AGGRESSIVE;
				GCC_WARN_UNUSED_FUNCTION = YES;
				GCC_WARN_UNUSED_VARIABLE = YES;
				IPHONEOS_DEPLOYMENT_TARGET = 15.0;
				MTL_ENABLE_DEBUG_INFO = INCLUDE_SOURCE;
				MTL_FAST_MATH = YES;
				ONLY_ACTIVE_ARCH = YES;
				SDKROOT = iphoneos;
				SWIFT_ACTIVE_COMPILATION_CONDITIONS = DEBUG;
				SWIFT_OPTIMIZATION_LEVEL = "-Onone";
			};
			name = Debug;
		};
		86BDBB042900F3480039563D /* Release */ = {
			isa = XCBuildConfiguration;
			buildSettings = {
				ALWAYS_SEARCH_USER_PATHS = NO;
				CLANG_ANALYZER_NONNULL = YES;
				CLANG_ANALYZER_NUMBER_OBJECT_CONVERSION = YES_AGGRESSIVE;
				CLANG_CXX_LANGUAGE_STANDARD = "gnu++17";
				CLANG_CXX_LIBRARY = "libc++";
				CLANG_ENABLE_MODULES = YES;
				CLANG_ENABLE_OBJC_ARC = YES;
				CLANG_ENABLE_OBJC_WEAK = YES;
				CLANG_WARN_BLOCK_CAPTURE_AUTORELEASING = YES;
				CLANG_WARN_BOOL_CONVERSION = YES;
				CLANG_WARN_COMMA = YES;
				CLANG_WARN_CONSTANT_CONVERSION = YES;
				CLANG_WARN_DEPRECATED_OBJC_IMPLEMENTATIONS = YES;
				CLANG_WARN_DIRECT_OBJC_ISA_USAGE = YES_ERROR;
				CLANG_WARN_DOCUMENTATION_COMMENTS = YES;
				CLANG_WARN_EMPTY_BODY = YES;
				CLANG_WARN_ENUM_CONVERSION = YES;
				CLANG_WARN_INFINITE_RECURSION = YES;
				CLANG_WARN_INT_CONVERSION = YES;
				CLANG_WARN_NON_LITERAL_NULL_CONVERSION = YES;
				CLANG_WARN_OBJC_IMPLICIT_RETAIN_SELF = YES;
				CLANG_WARN_OBJC_LITERAL_CONVERSION = YES;
				CLANG_WARN_OBJC_ROOT_CLASS = YES_ERROR;
				CLANG_WARN_QUOTED_INCLUDE_IN_FRAMEWORK_HEADER = YES;
				CLANG_WARN_RANGE_LOOP_ANALYSIS = YES;
				CLANG_WARN_STRICT_PROTOTYPES = YES;
				CLANG_WARN_SUSPICIOUS_MOVE = YES;
				CLANG_WARN_UNGUARDED_AVAILABILITY = YES_AGGRESSIVE;
				CLANG_WARN_UNREACHABLE_CODE = YES;
				CLANG_WARN__DUPLICATE_METHOD_MATCH = YES;
				COPY_PHASE_STRIP = NO;
				DEBUG_INFORMATION_FORMAT = "dwarf-with-dsym";
				ENABLE_NS_ASSERTIONS = NO;
				ENABLE_STRICT_OBJC_MSGSEND = YES;
				GCC_C_LANGUAGE_STANDARD = gnu11;
				GCC_NO_COMMON_BLOCKS = YES;
				GCC_WARN_64_TO_32_BIT_CONVERSION = YES;
				GCC_WARN_ABOUT_RETURN_TYPE = YES_ERROR;
				GCC_WARN_UNDECLARED_SELECTOR = YES;
				GCC_WARN_UNINITIALIZED_AUTOS = YES_AGGRESSIVE;
				GCC_WARN_UNUSED_FUNCTION = YES;
				GCC_WARN_UNUSED_VARIABLE = YES;
				IPHONEOS_DEPLOYMENT_TARGET = 15.0;
				MTL_ENABLE_DEBUG_INFO = NO;
				MTL_FAST_MATH = YES;
				SDKROOT = iphoneos;
				SWIFT_COMPILATION_MODE = wholemodule;
				SWIFT_OPTIMIZATION_LEVEL = "-O";
				VALIDATE_PRODUCT = YES;
			};
			name = Release;
		};
		86BDBB062900F3480039563D /* Debug */ = {
			isa = XCBuildConfiguration;
			baseConfigurationReference = F26F652BF02DB0B516E62F6A /* Pods-ZegoUIKitCallWithInvitationDemo.debug.xcconfig */;
			buildSettings = {
				ASSETCATALOG_COMPILER_APPICON_NAME = AppIcon;
				ASSETCATALOG_COMPILER_GLOBAL_ACCENT_COLOR_NAME = AccentColor;
				CODE_SIGN_STYLE = Automatic;
				CURRENT_PROJECT_VERSION = 5;
				DEVELOPMENT_TEAM = B82BHJ5H89;
				GENERATE_INFOPLIST_FILE = YES;
				INFOPLIST_FILE = ZegoUIKitCallWithInvitationDemo/Info.plist;
				INFOPLIST_KEY_NSCameraUsageDescription = "We need to use your camera to help you join the call.";
				INFOPLIST_KEY_NSMicrophoneUsageDescription = "We need to use your mic to help you join the call.";
				INFOPLIST_KEY_UIApplicationSupportsIndirectInputEvents = YES;
				INFOPLIST_KEY_UILaunchStoryboardName = LaunchScreen;
				INFOPLIST_KEY_UIMainStoryboardFile = Main;
				INFOPLIST_KEY_UISupportedInterfaceOrientations = UIInterfaceOrientationPortrait;
				INFOPLIST_KEY_UISupportedInterfaceOrientations_iPad = "UIInterfaceOrientationPortrait UIInterfaceOrientationPortraitUpsideDown UIInterfaceOrientationLandscapeLeft UIInterfaceOrientationLandscapeRight";
				INFOPLIST_KEY_UISupportedInterfaceOrientations_iPhone = "UIInterfaceOrientationPortrait UIInterfaceOrientationLandscapeLeft UIInterfaceOrientationLandscapeRight";
				IPHONEOS_DEPLOYMENT_TARGET = 12.0;
				LD_RUNPATH_SEARCH_PATHS = (
					"$(inherited)",
					"@executable_path/Frameworks",
				);
				MARKETING_VERSION = 1.0;
				OTHER_LDFLAGS = (
					"$(inherited)",
					"-framework",
					"\"QuartzCore\"",
					"-framework",
					"\"Toast_Swift\"",
					"-framework",
					"\"ZIM\"",
					"-framework",
					"\"ZPNs\"",
					"-framework",
					"\"ZegoExpressEngine\"",
					"-framework",
					"\"ZegoPluginAdapter\"",
					"-framework",
					"\"ZegoUIKitPrebuiltCall\"",
					"-framework",
					"\"ZegoUIKitSDK\"",
					"-framework",
					"\"ZegoUIKitSignalingPlugin\"",
				);
				PRODUCT_BUNDLE_IDENTIFIER = com.zegocloud.uikit.callwithinvitation.ZegoUIKitCallWithInvitationDemo;
				PRODUCT_NAME = "$(TARGET_NAME)";
				SWIFT_EMIT_LOC_STRINGS = YES;
				SWIFT_VERSION = 5.0;
				TARGETED_DEVICE_FAMILY = "1,2";
			};
			name = Debug;
		};
		86BDBB072900F3480039563D /* Release */ = {
			isa = XCBuildConfiguration;
			baseConfigurationReference = 0229AF401BA70717750C99C2 /* Pods-ZegoUIKitCallWithInvitationDemo.release.xcconfig */;
			buildSettings = {
				ASSETCATALOG_COMPILER_APPICON_NAME = AppIcon;
				ASSETCATALOG_COMPILER_GLOBAL_ACCENT_COLOR_NAME = AccentColor;
				CODE_SIGN_STYLE = Automatic;
				CURRENT_PROJECT_VERSION = 5;
				DEVELOPMENT_TEAM = B82BHJ5H89;
				GENERATE_INFOPLIST_FILE = YES;
				INFOPLIST_FILE = ZegoUIKitCallWithInvitationDemo/Info.plist;
				INFOPLIST_KEY_NSCameraUsageDescription = "We need to use your camera to help you join the call.";
				INFOPLIST_KEY_NSMicrophoneUsageDescription = "We need to use your mic to help you join the call.";
				INFOPLIST_KEY_UIApplicationSupportsIndirectInputEvents = YES;
				INFOPLIST_KEY_UILaunchStoryboardName = LaunchScreen;
				INFOPLIST_KEY_UIMainStoryboardFile = Main;
				INFOPLIST_KEY_UISupportedInterfaceOrientations = UIInterfaceOrientationPortrait;
				INFOPLIST_KEY_UISupportedInterfaceOrientations_iPad = "UIInterfaceOrientationPortrait UIInterfaceOrientationPortraitUpsideDown UIInterfaceOrientationLandscapeLeft UIInterfaceOrientationLandscapeRight";
				INFOPLIST_KEY_UISupportedInterfaceOrientations_iPhone = "UIInterfaceOrientationPortrait UIInterfaceOrientationLandscapeLeft UIInterfaceOrientationLandscapeRight";
				IPHONEOS_DEPLOYMENT_TARGET = 12.0;
				LD_RUNPATH_SEARCH_PATHS = (
					"$(inherited)",
					"@executable_path/Frameworks",
				);
				MARKETING_VERSION = 1.0;
				OTHER_LDFLAGS = (
					"$(inherited)",
					"-framework",
					"\"QuartzCore\"",
					"-framework",
					"\"Toast_Swift\"",
					"-framework",
					"\"ZIM\"",
					"-framework",
					"\"ZPNs\"",
					"-framework",
					"\"ZegoExpressEngine\"",
					"-framework",
					"\"ZegoPluginAdapter\"",
					"-framework",
					"\"ZegoUIKitPrebuiltCall\"",
					"-framework",
					"\"ZegoUIKitSDK\"",
					"-framework",
					"\"ZegoUIKitSignalingPlugin\"",
				);
				PRODUCT_BUNDLE_IDENTIFIER = com.zegocloud.uikit.callwithinvitation.ZegoUIKitCallWithInvitationDemo;
				PRODUCT_NAME = "$(TARGET_NAME)";
				SWIFT_EMIT_LOC_STRINGS = YES;
				SWIFT_VERSION = 5.0;
				TARGETED_DEVICE_FAMILY = "1,2";
			};
			name = Release;
		};
/* End XCBuildConfiguration section */

/* Begin XCConfigurationList section */
		86BDBAEC2900F3470039563D /* Build configuration list for PBXProject "ZegoUIKitCallWithInvitationDemo" */ = {
			isa = XCConfigurationList;
			buildConfigurations = (
				86BDBB032900F3480039563D /* Debug */,
				86BDBB042900F3480039563D /* Release */,
			);
			defaultConfigurationIsVisible = 0;
			defaultConfigurationName = Release;
		};
		86BDBB052900F3480039563D /* Build configuration list for PBXNativeTarget "ZegoUIKitCallWithInvitationDemo" */ = {
			isa = XCConfigurationList;
			buildConfigurations = (
				86BDBB062900F3480039563D /* Debug */,
				86BDBB072900F3480039563D /* Release */,
			);
			defaultConfigurationIsVisible = 0;
			defaultConfigurationName = Release;
		};
/* End XCConfigurationList section */
	};
	rootObject = 86BDBAE92900F3470039563D /* Project object */;
}
